// !$*UTF8*$!
{
	archiveVersion = 1;
	classes = {
	};
	objectVersion = 56;
	objects = {

/* Begin PBXBuildFile section */
		FE3604B82A14C6AE00C298FF /* NavigationStackView.swift in Sources */ = {isa = PBXBuildFile; fileRef = FE3604B72A14C6AE00C298FF /* NavigationStackView.swift */; };
		FE3604BA2A14C86000C298FF /* Data.swift in Sources */ = {isa = PBXBuildFile; fileRef = FE3604B92A14C86000C298FF /* Data.swift */; };
		FE3604BC2A14CCE100C298FF /* MessageView.swift in Sources */ = {isa = PBXBuildFile; fileRef = FE3604BB2A14CCE100C298FF /* MessageView.swift */; };
		FE3604BE2A14CDC200C298FF /* MenuView.swift in Sources */ = {isa = PBXBuildFile; fileRef = FE3604BD2A14CDC200C298FF /* MenuView.swift */; };
		FE3604C02A14D82100C298FF /* ChartView.swift in Sources */ = {isa = PBXBuildFile; fileRef = FE3604BF2A14D82100C298FF /* ChartView.swift */; };
		FE3604C22A14DB8D00C298FF /* GridView.swift in Sources */ = {isa = PBXBuildFile; fileRef = FE3604C12A14DB8D00C298FF /* GridView.swift */; };
		FE3604C42A14E1D100C298FF /* CardView.swift in Sources */ = {isa = PBXBuildFile; fileRef = FE3604C32A14E1D100C298FF /* CardView.swift */; };
		FE3604C62A14E7B200C298FF /* DetailView.swift in Sources */ = {isa = PBXBuildFile; fileRef = FE3604C52A14E7B200C298FF /* DetailView.swift */; };
		FE3604C82A151E7E00C298FF /* RadialLayoutView.swift in Sources */ = {isa = PBXBuildFile; fileRef = FE3604C72A151E7E00C298FF /* RadialLayoutView.swift */; };
		FE3604CA2A152C1D00C298FF /* CardReflectionView.swift in Sources */ = {isa = PBXBuildFile; fileRef = FE3604C92A152C1D00C298FF /* CardReflectionView.swift */; };
		FE3604CC2A15353D00C298FF /* ActionButtonView.swift in Sources */ = {isa = PBXBuildFile; fileRef = FE3604CB2A15353C00C298FF /* ActionButtonView.swift */; };
		FEA169502A138ECE000F08B7 /* DesingAndAnimationsScreensApp.swift in Sources */ = {isa = PBXBuildFile; fileRef = FEA1694F2A138ECE000F08B7 /* DesingAndAnimationsScreensApp.swift */; };
		FEA169522A138ECE000F08B7 /* ContentView.swift in Sources */ = {isa = PBXBuildFile; fileRef = FEA169512A138ECE000F08B7 /* ContentView.swift */; };
		FEA169542A138ED0000F08B7 /* Assets.xcassets in Resources */ = {isa = PBXBuildFile; fileRef = FEA169532A138ED0000F08B7 /* Assets.xcassets */; };
		FEA169572A138ED0000F08B7 /* Preview Assets.xcassets in Resources */ = {isa = PBXBuildFile; fileRef = FEA169562A138ED0000F08B7 /* Preview Assets.xcassets */; };
/* End PBXBuildFile section */

/* Begin PBXFileReference section */
		FE3604B72A14C6AE00C298FF /* NavigationStackView.swift */ = {isa = PBXFileReference; lastKnownFileType = sourcecode.swift; path = NavigationStackView.swift; sourceTree = "<group>"; };
		FE3604B92A14C86000C298FF /* Data.swift */ = {isa = PBXFileReference; lastKnownFileType = sourcecode.swift; path = Data.swift; sourceTree = "<group>"; };
		FE3604BB2A14CCE100C298FF /* MessageView.swift */ = {isa = PBXFileReference; lastKnownFileType = sourcecode.swift; path = MessageView.swift; sourceTree = "<group>"; };
		FE3604BD2A14CDC200C298FF /* MenuView.swift */ = {isa = PBXFileReference; lastKnownFileType = sourcecode.swift; path = MenuView.swift; sourceTree = "<group>"; };
		FE3604BF2A14D82100C298FF /* ChartView.swift */ = {isa = PBXFileReference; lastKnownFileType = sourcecode.swift; path = ChartView.swift; sourceTree = "<group>"; };
		FE3604C12A14DB8D00C298FF /* GridView.swift */ = {isa = PBXFileReference; lastKnownFileType = sourcecode.swift; path = GridView.swift; sourceTree = "<group>"; };
		FE3604C32A14E1D100C298FF /* CardView.swift */ = {isa = PBXFileReference; lastKnownFileType = sourcecode.swift; path = CardView.swift; sourceTree = "<group>"; };
		FE3604C52A14E7B200C298FF /* DetailView.swift */ = {isa = PBXFileReference; lastKnownFileType = sourcecode.swift; path = DetailView.swift; sourceTree = "<group>"; };
		FE3604C72A151E7E00C298FF /* RadialLayoutView.swift */ = {isa = PBXFileReference; lastKnownFileType = sourcecode.swift; path = RadialLayoutView.swift; sourceTree = "<group>"; };
		FE3604C92A152C1D00C298FF /* CardReflectionView.swift */ = {isa = PBXFileReference; lastKnownFileType = sourcecode.swift; path = CardReflectionView.swift; sourceTree = "<group>"; };
		FE3604CB2A15353C00C298FF /* ActionButtonView.swift */ = {isa = PBXFileReference; lastKnownFileType = sourcecode.swift; path = ActionButtonView.swift; sourceTree = "<group>"; };
		FEA1694C2A138ECE000F08B7 /* DesingAndAnimationsScreens.app */ = {isa = PBXFileReference; explicitFileType = wrapper.application; includeInIndex = 0; path = DesingAndAnimationsScreens.app; sourceTree = BUILT_PRODUCTS_DIR; };
		FEA1694F2A138ECE000F08B7 /* DesingAndAnimationsScreensApp.swift */ = {isa = PBXFileReference; lastKnownFileType = sourcecode.swift; path = DesingAndAnimationsScreensApp.swift; sourceTree = "<group>"; };
		FEA169512A138ECE000F08B7 /* ContentView.swift */ = {isa = PBXFileReference; lastKnownFileType = sourcecode.swift; path = ContentView.swift; sourceTree = "<group>"; };
		FEA169532A138ED0000F08B7 /* Assets.xcassets */ = {isa = PBXFileReference; lastKnownFileType = folder.assetcatalog; path = Assets.xcassets; sourceTree = "<group>"; };
		FEA169562A138ED0000F08B7 /* Preview Assets.xcassets */ = {isa = PBXFileReference; lastKnownFileType = folder.assetcatalog; path = "Preview Assets.xcassets"; sourceTree = "<group>"; };
/* End PBXFileReference section */

/* Begin PBXFrameworksBuildPhase section */
		FEA169492A138ECE000F08B7 /* Frameworks */ = {
			isa = PBXFrameworksBuildPhase;
			buildActionMask = 2147483647;
			files = (
			);
			runOnlyForDeploymentPostprocessing = 0;
		};
/* End PBXFrameworksBuildPhase section */

/* Begin PBXGroup section */
		FEA169432A138ECE000F08B7 = {
			isa = PBXGroup;
			children = (
				FEA1694E2A138ECE000F08B7 /* DesingAndAnimationsScreens */,
				FEA1694D2A138ECE000F08B7 /* Products */,
			);
			sourceTree = "<group>";
		};
		FEA1694D2A138ECE000F08B7 /* Products */ = {
			isa = PBXGroup;
			children = (
				FEA1694C2A138ECE000F08B7 /* DesingAndAnimationsScreens.app */,
			);
			name = Products;
			sourceTree = "<group>";
		};
		FEA1694E2A138ECE000F08B7 /* DesingAndAnimationsScreens */ = {
			isa = PBXGroup;
			children = (
				FEA1694F2A138ECE000F08B7 /* DesingAndAnimationsScreensApp.swift */,
				FEA169512A138ECE000F08B7 /* ContentView.swift */,
				FE3604C72A151E7E00C298FF /* RadialLayoutView.swift */,
				FE3604C92A152C1D00C298FF /* CardReflectionView.swift */,
				FE3604CB2A15353C00C298FF /* ActionButtonView.swift */,
				FE3604BF2A14D82100C298FF /* ChartView.swift */,
				FE3604C12A14DB8D00C298FF /* GridView.swift */,
				FE3604C32A14E1D100C298FF /* CardView.swift */,
				FE3604C52A14E7B200C298FF /* DetailView.swift */,
				FE3604BD2A14CDC200C298FF /* MenuView.swift */,
				FE3604BB2A14CCE100C298FF /* MessageView.swift */,
				FE3604B72A14C6AE00C298FF /* NavigationStackView.swift */,
				FE3604B92A14C86000C298FF /* Data.swift */,
				FEA169532A138ED0000F08B7 /* Assets.xcassets */,
				FEA169552A138ED0000F08B7 /* Preview Content */,
			);
			path = DesingAndAnimationsScreens;
			sourceTree = "<group>";
		};
		FEA169552A138ED0000F08B7 /* Preview Content */ = {
			isa = PBXGroup;
			children = (
				FEA169562A138ED0000F08B7 /* Preview Assets.xcassets */,
			);
			path = "Preview Content";
			sourceTree = "<group>";
		};
/* End PBXGroup section */

/* Begin PBXNativeTarget section */
		FEA1694B2A138ECE000F08B7 /* DesingAndAnimationsScreens */ = {
			isa = PBXNativeTarget;
			buildConfigurationList = FEA1695A2A138ED0000F08B7 /* Build configuration list for PBXNativeTarget "DesingAndAnimationsScreens" */;
			buildPhases = (
				FEA169482A138ECE000F08B7 /* Sources */,
				FEA169492A138ECE000F08B7 /* Frameworks */,
				FEA1694A2A138ECE000F08B7 /* Resources */,
			);
			buildRules = (
			);
			dependencies = (
			);
			name = DesingAndAnimationsScreens;
			productName = DesingAndAnimationsScreens;
			productReference = FEA1694C2A138ECE000F08B7 /* DesingAndAnimationsScreens.app */;
			productType = "com.apple.product-type.application";
		};
/* End PBXNativeTarget section */

/* Begin PBXProject section */
		FEA169442A138ECE000F08B7 /* Project object */ = {
			isa = PBXProject;
			attributes = {
				BuildIndependentTargetsInParallel = 1;
				LastSwiftUpdateCheck = 1430;
				LastUpgradeCheck = 1430;
				TargetAttributes = {
					FEA1694B2A138ECE000F08B7 = {
						CreatedOnToolsVersion = 14.3;
					};
				};
			};
			buildConfigurationList = FEA169472A138ECE000F08B7 /* Build configuration list for PBXProject "DesingAndAnimationsScreens" */;
			compatibilityVersion = "Xcode 14.0";
			developmentRegion = en;
			hasScannedForEncodings = 0;
			knownRegions = (
				en,
				Base,
			);
			mainGroup = FEA169432A138ECE000F08B7;
			productRefGroup = FEA1694D2A138ECE000F08B7 /* Products */;
			projectDirPath = "";
			projectRoot = "";
			targets = (
				FEA1694B2A138ECE000F08B7 /* DesingAndAnimationsScreens */,
			);
		};
/* End PBXProject section */

/* Begin PBXResourcesBuildPhase section */
		FEA1694A2A138ECE000F08B7 /* Resources */ = {
			isa = PBXResourcesBuildPhase;
			buildActionMask = 2147483647;
			files = (
				FEA169572A138ED0000F08B7 /* Preview Assets.xcassets in Resources */,
				FEA169542A138ED0000F08B7 /* Assets.xcassets in Resources */,
			);
			runOnlyForDeploymentPostprocessing = 0;
		};
/* End PBXResourcesBuildPhase section */

/* Begin PBXSourcesBuildPhase section */
		FEA169482A138ECE000F08B7 /* Sources */ = {
			isa = PBXSourcesBuildPhase;
			buildActionMask = 2147483647;
			files = (
				FEA169522A138ECE000F08B7 /* ContentView.swift in Sources */,
				FE3604C42A14E1D100C298FF /* CardView.swift in Sources */,
				FE3604BE2A14CDC200C298FF /* MenuView.swift in Sources */,
				FE3604C82A151E7E00C298FF /* RadialLayoutView.swift in Sources */,
				FE3604C62A14E7B200C298FF /* DetailView.swift in Sources */,
				FE3604C22A14DB8D00C298FF /* GridView.swift in Sources */,
				FE3604B82A14C6AE00C298FF /* NavigationStackView.swift in Sources */,
				FE3604CC2A15353D00C298FF /* ActionButtonView.swift in Sources */,
				FE3604C02A14D82100C298FF /* ChartView.swift in Sources */,
				FEA169502A138ECE000F08B7 /* DesingAndAnimationsScreensApp.swift in Sources */,
				FE3604BA2A14C86000C298FF /* Data.swift in Sources */,
				FE3604BC2A14CCE100C298FF /* MessageView.swift in Sources */,
				FE3604CA2A152C1D00C298FF /* CardReflectionView.swift in Sources */,
			);
			runOnlyForDeploymentPostprocessing = 0;
		};
/* End PBXSourcesBuildPhase section */

/* Begin XCBuildConfiguration section */
		FEA169582A138ED0000F08B7 /* Debug */ = {
			isa = XCBuildConfiguration;
			buildSettings = {
				ALWAYS_SEARCH_USER_PATHS = NO;
				CLANG_ANALYZER_NONNULL = YES;
				CLANG_ANALYZER_NUMBER_OBJECT_CONVERSION = YES_AGGRESSIVE;
				CLANG_CXX_LANGUAGE_STANDARD = "gnu++20";
				CLANG_ENABLE_MODULES = YES;
				CLANG_ENABLE_OBJC_ARC = YES;
				CLANG_ENABLE_OBJC_WEAK = YES;
				CLANG_WARN_BLOCK_CAPTURE_AUTORELEASING = YES;
				CLANG_WARN_BOOL_CONVERSION = YES;
				CLANG_WARN_COMMA = YES;
				CLANG_WARN_CONSTANT_CONVERSION = YES;
				CLANG_WARN_DEPRECATED_OBJC_IMPLEMENTATIONS = YES;
				CLANG_WARN_DIRECT_OBJC_ISA_USAGE = YES_ERROR;
				CLANG_WARN_DOCUMENTATION_COMMENTS = YES;
				CLANG_WARN_EMPTY_BODY = YES;
				CLANG_WARN_ENUM_CONVERSION = YES;
				CLANG_WARN_INFINITE_RECURSION = YES;
				CLANG_WARN_INT_CONVERSION = YES;
				CLANG_WARN_NON_LITERAL_NULL_CONVERSION = YES;
				CLANG_WARN_OBJC_IMPLICIT_RETAIN_SELF = YES;
				CLANG_WARN_OBJC_LITERAL_CONVERSION = YES;
				CLANG_WARN_OBJC_ROOT_CLASS = YES_ERROR;
				CLANG_WARN_QUOTED_INCLUDE_IN_FRAMEWORK_HEADER = YES;
				CLANG_WARN_RANGE_LOOP_ANALYSIS = YES;
				CLANG_WARN_STRICT_PROTOTYPES = YES;
				CLANG_WARN_SUSPICIOUS_MOVE = YES;
				CLANG_WARN_UNGUARDED_AVAILABILITY = YES_AGGRESSIVE;
				CLANG_WARN_UNREACHABLE_CODE = YES;
				CLANG_WARN__DUPLICATE_METHOD_MATCH = YES;
				COPY_PHASE_STRIP = NO;
				DEBUG_INFORMATION_FORMAT = dwarf;
				ENABLE_STRICT_OBJC_MSGSEND = YES;
				ENABLE_TESTABILITY = YES;
				GCC_C_LANGUAGE_STANDARD = gnu11;
				GCC_DYNAMIC_NO_PIC = NO;
				GCC_NO_COMMON_BLOCKS = YES;
				GCC_OPTIMIZATION_LEVEL = 0;
				GCC_PREPROCESSOR_DEFINITIONS = (
					"DEBUG=1",
					"$(inherited)",
				);
				GCC_WARN_64_TO_32_BIT_CONVERSION = YES;
				GCC_WARN_ABOUT_RETURN_TYPE = YES_ERROR;
				GCC_WARN_UNDECLARED_SELECTOR = YES;
				GCC_WARN_UNINITIALIZED_AUTOS = YES_AGGRESSIVE;
				GCC_WARN_UNUSED_FUNCTION = YES;
				GCC_WARN_UNUSED_VARIABLE = YES;
				IPHONEOS_DEPLOYMENT_TARGET = 16.0;
				MTL_ENABLE_DEBUG_INFO = INCLUDE_SOURCE;
				MTL_FAST_MATH = YES;
				ONLY_ACTIVE_ARCH = YES;
				SDKROOT = iphoneos;
				SWIFT_ACTIVE_COMPILATION_CONDITIONS = DEBUG;
				SWIFT_OPTIMIZATION_LEVEL = "-Onone";
			};
			name = Debug;
		};
		FEA169592A138ED0000F08B7 /* Release */ = {
			isa = XCBuildConfiguration;
			buildSettings = {
				ALWAYS_SEARCH_USER_PATHS = NO;
				CLANG_ANALYZER_NONNULL = YES;
				CLANG_ANALYZER_NUMBER_OBJECT_CONVERSION = YES_AGGRESSIVE;
				CLANG_CXX_LANGUAGE_STANDARD = "gnu++20";
				CLANG_ENABLE_MODULES = YES;
				CLANG_ENABLE_OBJC_ARC = YES;
				CLANG_ENABLE_OBJC_WEAK = YES;
				CLANG_WARN_BLOCK_CAPTURE_AUTORELEASING = YES;
				CLANG_WARN_BOOL_CONVERSION = YES;
				CLANG_WARN_COMMA = YES;
				CLANG_WARN_CONSTANT_CONVERSION = YES;
				CLANG_WARN_DEPRECATED_OBJC_IMPLEMENTATIONS = YES;
				CLANG_WARN_DIRECT_OBJC_ISA_USAGE = YES_ERROR;
				CLANG_WARN_DOCUMENTATION_COMMENTS = YES;
				CLANG_WARN_EMPTY_BODY = YES;
				CLANG_WARN_ENUM_CONVERSION = YES;
				CLANG_WARN_INFINITE_RECURSION = YES;
				CLANG_WARN_INT_CONVERSION = YES;
				CLANG_WARN_NON_LITERAL_NULL_CONVERSION = YES;
				CLANG_WARN_OBJC_IMPLICIT_RETAIN_SELF = YES;
				CLANG_WARN_OBJC_LITERAL_CONVERSION = YES;
				CLANG_WARN_OBJC_ROOT_CLASS = YES_ERROR;
				CLANG_WARN_QUOTED_INCLUDE_IN_FRAMEWORK_HEADER = YES;
				CLANG_WARN_RANGE_LOOP_ANALYSIS = YES;
				CLANG_WARN_STRICT_PROTOTYPES = YES;
				CLANG_WARN_SUSPICIOUS_MOVE = YES;
				CLANG_WARN_UNGUARDED_AVAILABILITY = YES_AGGRESSIVE;
				CLANG_WARN_UNREACHABLE_CODE = YES;
				CLANG_WARN__DUPLICATE_METHOD_MATCH = YES;
				COPY_PHASE_STRIP = NO;
				DEBUG_INFORMATION_FORMAT = "dwarf-with-dsym";
				ENABLE_NS_ASSERTIONS = NO;
				ENABLE_STRICT_OBJC_MSGSEND = YES;
				GCC_C_LANGUAGE_STANDARD = gnu11;
				GCC_NO_COMMON_BLOCKS = YES;
				GCC_WARN_64_TO_32_BIT_CONVERSION = YES;
				GCC_WARN_ABOUT_RETURN_TYPE = YES_ERROR;
				GCC_WARN_UNDECLARED_SELECTOR = YES;
				GCC_WARN_UNINITIALIZED_AUTOS = YES_AGGRESSIVE;
				GCC_WARN_UNUSED_FUNCTION = YES;
				GCC_WARN_UNUSED_VARIABLE = YES;
				IPHONEOS_DEPLOYMENT_TARGET = 16.0;
				MTL_ENABLE_DEBUG_INFO = NO;
				MTL_FAST_MATH = YES;
				SDKROOT = iphoneos;
				SWIFT_COMPILATION_MODE = wholemodule;
				SWIFT_OPTIMIZATION_LEVEL = "-O";
				VALIDATE_PRODUCT = YES;
			};
			name = Release;
		};
		FEA1695B2A138ED0000F08B7 /* Debug */ = {
			isa = XCBuildConfiguration;
			buildSettings = {
				ASSETCATALOG_COMPILER_APPICON_NAME = AppIcon;
				ASSETCATALOG_COMPILER_GLOBAL_ACCENT_COLOR_NAME = AccentColor;
				CODE_SIGN_STYLE = Automatic;
				CURRENT_PROJECT_VERSION = 1;
				DEVELOPMENT_ASSET_PATHS = "\"DesingAndAnimationsScreens/Preview Content\"";
				DEVELOPMENT_TEAM = T3Y3F3RZUZ;
				ENABLE_PREVIEWS = YES;
				GENERATE_INFOPLIST_FILE = YES;
				INFOPLIST_KEY_UIApplicationSceneManifest_Generation = YES;
				INFOPLIST_KEY_UIApplicationSupportsIndirectInputEvents = YES;
				INFOPLIST_KEY_UILaunchScreen_Generation = YES;
				INFOPLIST_KEY_UISupportedInterfaceOrientations_iPad = "UIInterfaceOrientationPortrait UIInterfaceOrientationPortraitUpsideDown UIInterfaceOrientationLandscapeLeft UIInterfaceOrientationLandscapeRight";
				INFOPLIST_KEY_UISupportedInterfaceOrientations_iPhone = "UIInterfaceOrientationPortrait UIInterfaceOrientationLandscapeLeft UIInterfaceOrientationLandscapeRight";
				IPHONEOS_DEPLOYMENT_TARGET = 16.0;
				LD_RUNPATH_SEARCH_PATHS = (
					"$(inherited)",
					"@executable_path/Frameworks",
				);
				MARKETING_VERSION = 1.0;
				PRODUCT_BUNDLE_IDENTIFIER = it.spaarkly.DesingAndAnimationsScreens;
				PRODUCT_NAME = "$(TARGET_NAME)";
				SWIFT_EMIT_LOC_STRINGS = YES;
				SWIFT_VERSION = 5.0;
				TARGETED_DEVICE_FAMILY = "1,2";
			};
			name = Debug;
		};
		FEA1695C2A138ED0000F08B7 /* Release */ = {
			isa = XCBuildConfiguration;
			buildSettings = {
				ASSETCATALOG_COMPILER_APPICON_NAME = AppIcon;
				ASSETCATALOG_COMPILER_GLOBAL_ACCENT_COLOR_NAME = AccentColor;
				CODE_SIGN_STYLE = Automatic;
				CURRENT_PROJECT_VERSION = 1;
				DEVELOPMENT_ASSET_PATHS = "\"DesingAndAnimationsScreens/Preview Content\"";
				DEVELOPMENT_TEAM = T3Y3F3RZUZ;
				ENABLE_PREVIEWS = YES;
				GENERATE_INFOPLIST_FILE = YES;
				INFOPLIST_KEY_UIApplicationSceneManifest_Generation = YES;
				INFOPLIST_KEY_UIApplicationSupportsIndirectInputEvents = YES;
				INFOPLIST_KEY_UILaunchScreen_Generation = YES;
				INFOPLIST_KEY_UISupportedInterfaceOrientations_iPad = "UIInterfaceOrientationPortrait UIInterfaceOrientationPortraitUpsideDown UIInterfaceOrientationLandscapeLeft UIInterfaceOrientationLandscapeRight";
				INFOPLIST_KEY_UISupportedInterfaceOrientations_iPhone = "UIInterfaceOrientationPortrait UIInterfaceOrientationLandscapeLeft UIInterfaceOrientationLandscapeRight";
				IPHONEOS_DEPLOYMENT_TARGET = 16.0;
				LD_RUNPATH_SEARCH_PATHS = (
					"$(inherited)",
					"@executable_path/Frameworks",
				);
				MARKETING_VERSION = 1.0;
				PRODUCT_BUNDLE_IDENTIFIER = it.spaarkly.DesingAndAnimationsScreens;
				PRODUCT_NAME = "$(TARGET_NAME)";
				SWIFT_EMIT_LOC_STRINGS = YES;
				SWIFT_VERSION = 5.0;
				TARGETED_DEVICE_FAMILY = "1,2";
			};
			name = Release;
		};
/* End XCBuildConfiguration section */

/* Begin XCConfigurationList section */
		FEA169472A138ECE000F08B7 /* Build configuration list for PBXProject "DesingAndAnimationsScreens" */ = {
			isa = XCConfigurationList;
			buildConfigurations = (
				FEA169582A138ED0000F08B7 /* Debug */,
				FEA169592A138ED0000F08B7 /* Release */,
			);
			defaultConfigurationIsVisible = 0;
			defaultConfigurationName = Release;
		};
		FEA1695A2A138ED0000F08B7 /* Build configuration list for PBXNativeTarget "DesingAndAnimationsScreens" */ = {
			isa = XCConfigurationList;
			buildConfigurations = (
				FEA1695B2A138ED0000F08B7 /* Debug */,
				FEA1695C2A138ED0000F08B7 /* Release */,
			);
			defaultConfigurationIsVisible = 0;
			defaultConfigurationName = Release;
		};
/* End XCConfigurationList section */
	};
	rootObject = FEA169442A138ECE000F08B7 /* Project object */;
}
